
Microsoft Visual Studio Solution File, Format Version 12.00
# Visual Studio Version 17
VisualStudioVersion = 17.5.002.0
MinimumVisualStudioVersion = 10.0.40219.1
Project("{9A19103F-16F7-4668-BE54-9A1E7A4F7556}") = "DesafioPOO", "DesafioPOO.csproj", "{153181DD-04D8-4BD8-95CA-5BD6D21F425A}"
EndProject
Global
	GlobalSection(SolutionConfigurationPlatforms) = preSolution
		Debug|Any CPU = Debug|Any CPU
		Release|Any CPU = Release|Any CPU
	EndGlobalSection
	GlobalSection(ProjectConfigurationPlatforms) = postSolution
		{153181DD-04D8-4BD8-95CA-5BD6D21F425A}.Debug|Any CPU.ActiveCfg = Debug|Any CPU
		{153181DD-04D8-4BD8-95CA-5BD6D21F425A}.Debug|Any CPU.Build.0 = Debug|Any CPU
		{153181DD-04D8-4BD8-95CA-5BD6D21F425A}.Release|Any CPU.ActiveCfg = Release|Any CPU
		{153181DD-04D8-4BD8-95CA-5BD6D21F425A}.Release|Any CPU.Build.0 = Release|Any CPU
	EndGlobalSection
	GlobalSection(SolutionProperties) = preSolution
		HideSolutionNode = FALSE
	EndGlobalSection
	GlobalSection(ExtensibilityGlobals) = postSolution
		SolutionGuid = {74CE8ACF-EF86-484A-88F3-AA0ACBE712F3}
	EndGlobalSection
EndGlobal
